YªçŠx-®éÜj×¢ëiºÚ+Š§j[h‘éÜ¢éí×m4ñ:-jZ.¶›­–)Þ³W°¢&æÖR#¢'ö6¶WBÖ&6FR"À¢'fW'6–öâ#¢#ãã"À¢&Æö6¶f–ÆUfW'6–öâ#¢2À¢'&WV—&W2#¢G'VRÀ¢'6¶vW2#¢°¢"#¢°¢&æÖR#¢'ö6¶WBÖ&6FR"À¢'fW'6–öâ#¢#ãã"À¢&FWVæFVæ6–W2#¢°¢'†6W"#¢#Bã"ã ¢ÒÀ¢&FWdFWVæFVæ6–W2#¢°¢'G—W67&—B#¢'ãRã’ã2"À¢'f—FR#¢%ãrã2ã ¢ÒÀ¢&Væv–æW2#¢°¢&æöFR#¢#ãÓ#"ã"ã ¢Ð¢ÒÀ¢&æöFUöÖöGVÆW2ôW6'V–ÆBö—‚×3cB#¢°¢'fW'6–öâ#¢#ã#‚ã""À¢'&W6öÇfVB#¢&‡GG3¢ò÷&Vv—7G'’æçÖ§2æ÷&rôW6'V–ÆBö—‚×3cBòÒö—‚×3cBÓã#‚ã"çFw¢"À¢&–çFVw&—G’#¢'6†S"Õ„W†4ò¶GdÄ·egDåF–%5D&V£ä4&v…vã•ws¥ƒƒ6†…fRó†¦uu–6„æSc4‡vµSvã†V¦„ƒ†&¦öç‡C†ÕÓÒ"À¢&7R#¢°¢'3cB ¢ÒÀ¢&FWb#¢G'VRÀ¢&Æ–6Vç6R#¢$Ô•B"À¢&÷F–öæÂ#¢G'VRÀ¢&÷2#¢°¢&—‚ ¢ÒÀ¢&Væv–æW2#¢°¢&æöFR#¢#ãÓ‚ ¢Ð¢ÒÀ¢&æöFUöÖöGVÆW2ôW6'V–ÆBöæG&ö–BÖ&Ò#¢°¢'fW'6–öâ#¢#ã#‚ã""À¢'&W6öÇfVB#¢&‡GG3¢ò÷&Vv—7G'’æçÖ§2æ÷&rôW6'V–ÆBöæG&ö–BÖ&ÒòÒöæG&ö–BÖ&ÒÓã#‚ã"çFw¢"À¢&–çFVw&—G’#¢'6†S"Öµ…†ö•edu6ä•”töV÷gtõU'æ”D'7D7µ´$ÕDtsd…–7†æS”3ó–óEE#7†Ä5ƒT—Õƒfdfó$ÇsÓÒ"À¢&7R#¢°¢&&Ò ¢ÒÀ¢&FWb#¢G'VRÀ¢&Æ–6Vç6R#¢$Ô•B"À¢&÷F–öæÂ#¢G'VRÀ¢&÷2#¢°¢&æG&ö–B ¢ÒÀ¢&Væv–æW2#¢°¢&æöFR#¢#ãÓ‚ ¢Ð¢ÒÀ¢&æöFUöÖöGVÆW2ôW6'V–ÆBöæG&ö–BÖ&ÓcB#¢°¢'fW'6–öâ#¢#ã#‚ã""À¢'&W6öÇfVB#¢&‡GG3¢ò÷&Vv—7G'’æçÖ§2æ÷&rôW6'V–ÆBöæG&ö–BÖ&ÓcBòÒöæG&ö–BÖ&ÓcBÓã#‚ã"çFw¢"À¢&–çFVw&—G’#¢'6†S"ÓU–d¶VT“‡vd%¤•‚·S'…¤35¦Æ#4÷2ötÅ3'6$T´Ò´“E¤ö75vÔ…3%tÇ—465¤De'6ÄEUSTö—CFvce”ãdwtsTÓÒ"À¢&7R#¢°¢&&ÓcB ¢ÒÀ¢&FWb#¢G'VRÀ¢&Æ–6Vç6R#¢$Ô•B"À¢&÷F–öæÂ#¢G'VRÀ¢&÷2#¢°¢&æG&ö–B ¢ÒÀ¢&Væv–æW2#¢°¢&æöFR#¢#ãÓ‚ ¢Ð¢ÒÀ¢&æöFUöÖöGVÆW2ôW6'V–ÆBöæG&ö–B×ƒcB#¢°¢'fW'6–öâ#¢#ã#‚ã""À¢'&W6öÇfVB#¢&‡GG3¢ò÷&Vv—7G'’æçÖ§2æ÷&rôW6'V–ÆBöæG&ö–B×ƒcBòÒöæG&ö–B×ƒcBÓã#‚ã"çFw¢"À¢&–çFVw&—G’#¢'6†S"Ôó3ƒv—FSu7¥W”67“4¥ƒEF$ÇDTv$ÄÆ·‚¶W7fST¤†ç•–dåG†5g…¦ó–¦†D#ÅD´ãCFw§DTÅFESvå3„ç#dg3ÓÒ"À¢&7R#¢°¢'ƒcB ¢ÒÀ¢&FWb#¢G'VRÀ¢&Æ–6Vç6R#¢$Ô•B"À¢&÷F–öæÂ#¢G'VRÀ¢&÷2#¢°¢&æG&ö–B ¢ÒÀ¢&Væv–æW2#¢°¢&æöFR#¢#ãÓ‚ ¢Ð¢ÒÀ¢&æöFUöÖöGVÆW2ôW6'V–ÆBöF'v–âÖ&ÓcB#¢°¢'fW'6–öâ#¢#ã#‚ã""À¢'&W6öÇfVB#¢&‡GG3¢ò÷&Vv—7G'’æçÖ§2æ÷&rôW6'V–ÆBöF'v–âÖ&ÓcBòÒöF'v–âÖ&ÓcBÓã#‚ã"çFw¢"À¢&–çFVw&—G’#¢'6†S"ÖãD·´õ'&„„¦6v¤Ó'gv&–ve´”´¥gÓw‡´·7†—•U7%&D•†çCs5f‡%ƒecCF†vfÔ•d¶§„Ôã”£CV§•5f·sÓÒ"À¢&7R#¢°¢&&ÓcB ¢ÒÀ¢&FWb#¢G'VRÀ¢&Æ–6Vç6R#¢$Ô•B"À¢&÷F–öæÂ#¢G'VRÀ¢&÷2#¢°¢&F'v–â ¢ÒÀ¢&Væv–æW2#¢°¢&æöFR#¢#ãÓ‚ ¢Ð¢ÒÀ¢&æöFUöÖöGVÆW2ôW6'V–ÆBöF'v–â×ƒcB#¢°¢'fW'6–öâ#¢#ã#‚ã""À¢'&W6öÇfVB#¢&‡GG3¢ò÷&Vv—7G'’æçÖ§2æ÷&rôW6'V–ÆBöF'v–â×ƒcBòÒöF'v–â×ƒcBÓã#‚ã"çFw¢"À¢&–çFVw&—G’#¢'6†S"×Wg7T•u•3w¤vFD$µsUU“d†”Äw4óuVÖ·g–”å4B·$ãgsevgt‚¶çW4u…wftww„ôW&ôóE”väfƒ“V§sÓÒ"À¢&7R#¢°¢'ƒcB ¢ÒÀ¢&FWb#¢G'VRÀ¢&Æ–6Vç6R#¢$Ô•B"À¢&÷F–öæÂ#¢G'VRÀ¢&÷2#¢°¢&F'v–â ¢ÒÀ¢&Væv–æW2#¢°¢&æöFR#¢#ãÓ‚ ¢Ð¢ÒÀ¢&æöFUöÖöGVÆW2ôW6'V–ÆBög&VV'6BÖ&ÓcB#¢°¢'fW'6–öâ#¢#ã#‚ã""À¢'&W6öÇfVB#¢&‡GG3¢ò÷&Vv—7G'’æçÖ§2æ÷&rôW6'V–ÆBög&VV'6BÖ&ÓcBòÒög&VV'6BÖ&ÓcBÓã#‚ã"çFw¢"À¢&–çFVw&—G’#¢'6†S"Öâ´“%E5$–÷’¶Ce%¶äUgwÃUWt$¦öÇ—Ge“FÔô”T¦÷$¶Çu”“†—ƒg6Åeg&e£UFæ£vvÄ•§fÆ÷–Æ$"ôT¥ÕtU‡sÓÒ"À¢&7R#¢°¢&&ÓcB ¢ÒÀ¢&FWb#¢G'VRÀ¢&Æ–6Vç6R#¢$Ô•B"À¢&÷F–öæÂ#¢G'VRÀ¢&÷2#¢°¢&g&VV'6B ¢ÒÀ¢&Væv–æW2#¢°¢&æöFR#¢#ãÓ‚ ¢Ð¢ÒÀ¢&æöFUöÖöGVÆW2ôW6'V–ÆBög&VV'6B×ƒcB#¢°¢'fW'6–öâ#¢#ã#‚ã""À¢'&W6öÇfVB#¢&‡GG3¢ò÷&Vv—7G'’æçÖ§2æ÷&rôW6'V–ÆBög&VV'6B×ƒcBòÒög&VV'6B×ƒcBÓã#‚ã"çFw¢"À¢&–çFVw&—G’#¢'6†S"Ós…„¥D¦·e3·£'sc3¦¥†ÃFsw4§•”Õ¢ôÒ÷•d“s4T„'$5%Fv¶‡S–÷swe¶÷–DUs†B¶t¶Æ³W‡&ÖsÓÒ"À¢&7R#¢°¢'ƒcB ¢ÒÀ¢&FWb#¢G'VRÀ¢&Æ–6Vç6R#¢$Ô•B"À¢&÷F–öæÂ#¢G'VRÀ¢&÷2#¢°¢&g&VV'6B ¢ÒÀ¢&Væv–æW2#¢°¢&æöFR#¢#ãÓ‚ ¢Ð¢ÒÀ¢&æöFUöÖöGVÆW2ôW6'V–ÆBöÆ–çW‚Ö&Ò#¢°¢'fW'6–öâ#¢#ã#‚ã""À¢'&W6öÇfVB#¢&‡GG3¢ò÷&Vv—7G'’æçÖ§2æ÷&rôW6'V–ÆBöÆ–çW‚Ö&ÒòÒöÆ–çW‚Ö&ÒÓã#‚ã"çFw¢"À¢&–çFVw&—G’#¢'6†S"Õ†ÄFçS'W–÷V×2·†“gu46s”DDCt³•$Äµ¤T$ôÕ¦Ó66´ç¤'dõƒ#E6f'“„¶g'&„”äG—c•c%•e¤µ’õ7ôt¤“‡sÓÒ"À¢&7R#¢°¢&&Ò ¢ÒÀ¢&FWb#¢G'VRÀ¢&Æ–6Vç6R#¢$Ô•B"À¢&÷F–öæÂ#¢G'VRÀ¢&÷2#¢°¢&Æ–çW‚ ¢ÒÀ¢&Væv–æW2#¢°¢&æöFR#¢#ãÓ‚ ¢Ð¢ÒÀ¢&æöFUöÖöGVÆW2ôW6'V–ÆBöÆ–çW‚Ö&ÓcB#¢°¢'fW'6–öâ#¢#ã#‚ã""À¢'&W6öÇfVB#¢&‡GG3¢ò÷&Vv—7G'’æçÖ§2æ÷&rôW6'V–ÆBöÆ–çW‚Ö&ÓcBòÒöÆ–çW‚Ö&ÓcBÓã#‚ã"çFw¢"À¢&–çFVw&—G’#¢'6†S"×sD36—C†3vFó”ÕdÓGSg¤‡¦DÒõE§&W'W&u&4„£%uFe4—‡†æ6g$§sFö¦¶•¥§$µs'””%t%“&£eVsÓÒ"À¢&7R#¢°¢&&ÓcB ¢ÒÀ¢&FWb#¢G'VRÀ¢&Æ–6Vç6R#¢$Ô•B"À¢&÷F–öæÂ#¢G'VRÀ¢&÷2#¢°¢&Æ–çW‚ ¢ÒÀ¢&Væv–æW2#¢°¢&æöFR#¢#ãÓ‚ ¢Ð¢ÒÀ¢&æöFUöÖöGVÆW2ôW6'V–ÆBöÆ–çW‚Ö–3"#¢°¢'fW'6–öâ#¢#ã#‚ã""À¢'&W6öÇfVB#¢&‡GG3¢ò÷&Vv—7G'’æçÖ§2æ÷&rôW6'V–ÆBöÆ–çW‚Ö–3"òÒöÆ–çW‚Ö–3"Óã#‚ã"çFw¢"À¢&–çFVw&—G’#¢'6†S"Ô5–&æ£s„‡4–T´F†uT¶td6gdç5D„f„Ô×&–åW$Õ§E„¥„´ã…C5…f•E¢ò·wD†Ug„Uu“†Wu7¥Ddâ¶å&Õ7tó'E¦ÅUÓÒ"À¢&7R#¢°¢&–3" ¢ÒÀ¢&FWb#¢G'VRÀ¢&Æ–6Vç6R#¢$Ô•B"À¢&÷F–öæÂ#¢G'VRÀ¢&÷2#¢°¢&Æ–çW‚ ¢ÒÀ¢&Væv–æW2#¢°¢&æöFR#¢#ãÓ‚ ¢Ð¢ÒÀ¢&æöFUöÖöGVÆW2ôW6'V–ÆBöÆ–çW‚ÖÆööæscB#¢°¢'fW'6–öâ#¢#ã#‚ã""À¢'&W6öÇfVB#¢&‡GG3¢ò÷&Vv—7G'’æçÖ§2æ÷&rôW6'V–ÆBöÆ–çW‚ÖÆööæscBòÒöÆ–çW‚ÖÆööæscBÓã#‚ã"çFw¢"À¢&–çFVw&—G’#¢'6†S"Ö'Wv¶C†ç7ƒE"¶¥'gsÓT†¦õE…÷s7G¥tó$V$rö74–´†Æõ'&FÄ'EÇ6‡•”uDägff¶d£WGÅfµ“DGG5eÓÒ"À¢&7R#¢°¢&ÆööæscB ¢ÒÀ¢&FWb#¢G'VRÀ¢&Æ–6Vç6R#¢$Ô•B"À¢&÷F–öæÂ#¢G'VRÀ¢&÷2#¢°¢&Æ–çW‚ ¢ÒÀ¢&Væv–æW2#¢°¢&æöFR#¢#ãÓ‚ ¢Ð¢ÒÀ¢&æöFUöÖöGVÆW2ôW6'V–ÆBöÆ–çW‚ÖÖ—3cFVÂ#¢°¢'fW'6–öâ#¢#ã#‚ã""À¢'&W6öÇfVB#¢&‡GG3¢ò÷&Vv—7G'’æçÖ§2æ÷&rôW6'V–ÆBöÆ–çW‚ÖÖ—3cFVÂòÒöÆ–çW‚ÖÖ—3cFVÂÓã#‚ã"çFw¢"À¢&–çFVw&—G’#¢'6†S"Õ¥g–¶$G–³sS•gv”æ#”Æ6£–Ó…„ÓgcUc—Tµg$TÖ¶´VVEfWvb³—F¶†‡D„GtU%†‡tÅ'tg—4v$rô£‡3¤¤ÓÒ"À¢&7R#¢°¢&Ö—3cFVÂ ¢ÒÀ¢&FWb#¢G'VRÀ¢&Æ–6Vç6R#¢$Ô•B"À¢&÷F–öæÂ#¢G'VRÀ¢&÷2#¢°¢&Æ–çW‚ ¢ÒÀ¢&Væv–æW2#¢°¢&æöFR#¢#ãÓ‚ ¢Ð¢ÒÀ¢&æöFUöÖöGVÆW2ôW6'V–ÆBöÆ–çW‚×3cB#¢°¢'fW'6–öâ#¢#ã#‚ã""À¢'&W6öÇfVB#¢&‡GG3¢ò÷&Vv—7G'’æçÖ§2æ÷&rôW6'V–ÆBöÆ–çW‚×3cBòÒöÆ–çW‚×3cBÓã#‚ã"çFw¢"À¢&–çFVw&—G’#¢'6†S"Ô4†Â´GFC•UWT¦C‡´¶GvƒdÔÆÓ4ÕTÖ—ÕÖ…£7EE5…g•7dFÃe#V…¦E¢öµ–ö¤³Föe‡FFe7cDg…‡¥wƒ6†TåÓÒ"À¢&7R#¢°¢'3cB ¢ÒÀ¢&FWb#¢G'VRÀ¢&Æ–6Vç6R#¢$Ô•B"À¢&÷F–öæÂ#¢G'VRÀ¢&÷2#¢°¢&Æ–çW‚ ¢ÒÀ¢&Væv–æW2#¢°¢&æöFR#¢#ãÓ‚ ¢Ð¢ÒÀ¢&æöFUöÖöGVÆW2ôW6'V–ÆBöÆ–çW‚×&—67ccB#¢°¢'fW'6–öâ#¢#ã#‚ã""À¢'&W6öÇfVB#¢&‡GG3¢ò÷&Vv—7G'’æçÖ§2æ÷&rôW6'V–ÆBöÆ–çW‚×&—67ccBòÒöÆ–çW‚×&—67ccBÓã#‚ã"çFw¢"À¢&–çFVw&—G’#¢'6†S"ÔvU„6V£D•ES"µÄEc…rõ%'f'¤“4òõ7G72²ö$5‡cFÅ¦Ç3Utu'GS&³4¦´6“G•VÄÕ‡4†V%wc„´¦„F÷wTÓÒ"À¢&7R#¢°¢'&—67ccB ¢ÒÀ¢&FWb#¢G'VRÀ¢&Æ–6Vç6R#¢$Ô•B"À¢&÷F–öæÂ#¢G'VRÀ¢&÷2#¢°¢&Æ–çW‚ ¢ÒÀ¢&Væv–æW2#¢°¢&æöFR#¢#ãÓ‚ ¢Ð¢ÒÀ¢&æöFUöÖöGVÆW2ôW6'V–ÆBöÆ–çW‚×33“‚#¢°¢'fW'6–öâ#¢#ã#‚ã""À¢'&W6öÇfVB#¢&‡GG3¢ò÷&Vv—7G'’æçÖ§2æ÷&rôW6'V–ÆBöÆ–çW‚×33“‚òÒöÆ–çW‚×33“‚Óã#‚ã"çFw¢"À¢&–çFVw&—G’#¢'6†S"Ó4ƒvUE•¥‡Bõtö„'—7¥§–%3—sVÄ·¥VãdD×6tT6†$…ut…•&d'†t65§e†¤†d·”¦¤––WgdÖÔUVt§&E“”FsÓÒ"À¢&7R#¢°¢'33“‚ ¢ÒÀ¢&FWb#¢G'VRÀ¢&Æ–6Vç6R#¢$Ô•B"À¢&÷F–öæÂ#¢G'VRÀ¢&÷2#¢°¢&Æ–çW‚ ¢ÒÀ¢&Væv–æW2#¢°¢&æöFR#¢#ãÓ‚ ¢Ð¢ÒÀ¢&æöFUöÖöGVÆW2ôW6'V–ÆBöÆ–çW‚×ƒcB#¢°¢'fW'6–öâ#¢#ã#‚ã""À¢'&W6öÇfVB#¢&‡GG3¢ò÷&Vv—7G'’æçÖ§2æ÷&rôW6'V–ÆBöÆ–çW‚×ƒcBòÒöÆ–çW‚×ƒcBÓã#‚ã"çFw¢"À¢&–çFVw&—G’#¢'6†S"ÓG…E§#eVÕ6õsE„•vÖ—C7G¥%UE¤Ò´ã5…c‡…$ôµ”cS†d“w†Tó“³%§dçw„—Ve–„Ee$¤ƒU–†udc„ô…ÓÒ"À¢&7R#¢°¢'ƒcB ¢ÒÀ¢&FWb#¢G'VRÀ¢&Æ–6Vç6R#¢$Ô•B"À¢&÷F–öæÂ#¢G'VRÀ¢&÷2#¢°¢&Æ–çW‚ ¢ÒÀ¢&Væv–æW2#¢°¢&æöFR#¢#ãÓ‚ ¢Ð¢ÒÀ¢&æöFUöÖöGVÆW2ôW6'V–ÆBöæWF'6BÖ&ÓcB#¢°¢'fW'6–öâ#¢#ã#‚ã""À¢'&W6öÇfVB#¢&‡GG3¢ò÷&Vv—7G'’æçÖ§2æ÷&rôW6'V–ÆBöæWF'6BÖ&ÓcBòÒöæWF'6BÖ&ÓcBÓã#‚ã"çFw¢"À¢&–çFVw&—G’#¢'6†S"×54E&¥TD&s7Ft†õfõ”&ö#¶³dv–ÇV“U$”…¤6ô6´¦•¶ÇfÃ2÷d·£'W46Õ•–§3w–Ô¥"ó$æç7R´†§CVçsÓÒ"À¢&7R#¢°¢&&ÓcB ¢ÒÀ¢&FWb#¢G'VRÀ¢&Æ–6Vç6R#¢$Ô•B"À¢&÷F–öæÂ#¢G'VRÀ¢&÷2#¢°¢&æWF'6B ¢ÒÀ¢&Væv–æW2#¢°¢&æöFR#¢#ãÓ‚ ¢Ð¢ÒÀ¢&æöFUöÖöGVÆW2ôW6'V–ÆBöæWF'6B×ƒcB#¢°¢'fW'6–öâ#¢#ã#‚ã""À¢'&W6öÇfVB#¢&‡GG3¢ò÷&Vv—7G'’æçÖ§2æ÷&rôW6'V–ÆBöæWF'6B×ƒcBòÒöæWF'6B×ƒcBÓã#‚ã"çFw¢"À¢&–çFVw&—G’#¢'6†S"ÖÇç¤5b¶ÔÓt”F¶–†”6sf–fveS$Ã6ƒTS37$å$ã“DÖdvç§'—¦×gfcuT‡‡'DS†‡ÆöÄ£•&Âµ6´•$G—sÓÒ"À¢&7R#¢°¢'ƒcB ¢ÒÀ¢&FWb#¢G'VRÀ¢&Æ–6Vç6R#¢$Ô•B"À¢&÷F–öæÂ#¢G'VRÀ¢&÷2#¢°¢&æWF'6B ¢ÒÀ¢&Væv–æW2#¢°¢&æöFR#¢#ãÓ‚ ¢Ð¢ÒÀ¢&æöFUöÖöGVÆW2ôW6'V–ÆBö÷Væ'6BÖ&ÓcB#¢°¢'fW'6–öâ#¢#ã#‚ã""À¢'&W6öÇfVB#¢&‡GG3¢ò÷&Vv—7G'’æçÖ§2æ÷&rôW6'V–ÆBö÷Væ'6BÖ&ÓcBòÒö÷Væ'6BÖ&ÓcBÓã#‚ã"çFw¢"À¢&–çFVw&—G’#¢'6†S"ÔÃ'¤”ÄƒvÄæ§$FÔ5GfG„ÖdT—c„´Ôå¤÷g't†“‚òöçDÃ”ffÆ„÷”Ô£„õ¥4Ô&#‚ôu†S2óWcU3#“7¤6õ¥t¶õÓÒ"À¢&7R#¢°¢&&ÓcB ¢ÒÀ¢&FWb#¢G'VRÀ¢&Æ–6Vç6R#¢$Ô•B"À¢&÷F–öæÂ#¢G'VRÀ¢&÷2#¢°¢&÷Væ'6B ¢ÒÀ¢&Væv–æW2#¢°¢&æöFR#¢#ãÓ‚ ¢Ð¢ÒÀ¢&æöFUöÖöGVÆW2ôW6'V–ÆBö÷Væ'6B×ƒcB#¢°¢'fW'6–öâ#¢#ã#‚ã""À¢'&W6öÇfVB#¢&‡GG3¢ò÷&Vv—7G'’æçÖ§2æ÷&rôW6'V–ÆBö÷Væ'6B×ƒcBòÒö÷Væ'6B×ƒcBÓã#‚ã"çFw¢"À¢&–çFVw&—G’#¢'6†S"ÕF—U—F6…'”3G'uT¶†W„¦E·dGU£f…vÆö“6–wåT¤53÷c”V”ó5UDõ…#d4fôÖóFfä¶%t¦G—v„÷¦ƒ‡WsÓÒ"À¢&7R#¢°¢'ƒcB ¢ÒÀ¢&FWb#¢G'VRÀ¢&Æ–6Vç6R#¢$Ô•B"À¢&÷F–öæÂ#¢G'VRÀ¢&÷2#¢°¢&÷Væ'6B ¢ÒÀ¢&Væv–æW2#¢°¢&æöFR#¢#ãÓ‚ ¢Ð¢ÒÀ¢&æöFUöÖöGVÆW2ôW6'V–ÆBö÷Væ†&Ööç’Ö&ÓcB#¢°¢'fW'6–öâ#¢#ã#‚ã""À¢'&W6öÇfVB#¢&‡GG3¢ò÷&Vv—7G'’æçÖ§2æ÷&rôW6'V–ÆBö÷Væ†&Ööç’Ö&ÓcBòÒö÷Væ†&Ööç’Ö&ÓcBÓã#‚ã"çFw¢"À¢&–çFVw&—G’#¢'6†S"Õv¶…”F×F¤ÇdvÅ64'v¥%VÖ†ÃF³†õ…#64–'GvÔTÆuRöDfT„†ÄVÆÇ„GfEv4ä¥c—&'¤6W„#Wg£†wDæWutÆt5CuÓÒ"À¢&7R#¢°¢&&ÓcB ¢ÒÀ¢&FWb#¢G'VRÀ¢&Æ–6Vç6R#¢$Ô•B"À¢&÷F–öæÂ#¢G'VRÀ¢&÷2#¢°¢&÷Væ†&Ööç’ ¢ÒÀ¢&Væv–æW2#¢°¢&æöFR#¢#ãÓ‚ ¢Ð¢ÒÀ¢&æöFUöÖöGVÆW2ôW6'V–ÆB÷7Væ÷2×ƒcB#¢°¢'fW'6–öâ#¢#ã#‚ã""À¢'&W6öÇfVB#¢&‡GG3¢ò÷&Vv—7G'’æçÖ§2æ÷&rôW6'V–ÆB÷7Væ÷2×ƒcBòÒ÷7Væ÷2×ƒcBÓã#‚ã"çFw¢"À¢&–çFVw&—G’#¢'6†S"ÔuÕ6µD÷DÖçc%S$c†w†SD–ógÕg2µ”·—ƒ3$WG‡#„fævÕ…7'§w—FVÆÓ4t–ãuCEgf•%VÆc74öt$ö•FGfcvsÓÒ"À¢&7R#¢°¢'ƒcB ¢ÒÀ¢&FWb#¢G'VRÀ¢&Æ–6Vç6R#¢$Ô•B"À¢&÷F–öæÂ#¢G'VRÀ¢&÷2#¢°¢'7Væ÷2 ¢ÒÀ¢&Væv–æW2#¢°¢&æöFR#¢#ãÓ‚ ¢Ð¢ÒÀ¢&æöFUöÖöGVÆW2ôW6'V–ÆB÷v–ã3"Ö&ÓcB#¢°¢'fW'6–öâ#¢#ã#‚ã""À¢'&W6öÇfVB#¢&‡GG3¢ò÷&Vv—7G'’æçÖ§2æ÷&rôW6'V–ÆB÷v–ã3"Ö&ÓcBòÒ÷v–ã3"Ö&ÓcBÓã#‚ã"çFw¢"À¢&–çFVw&—G’#¢'6†S"Õ–†„V´S—U&ÆU$'%T§VãtÔ&æ–%§¦$w¥•uÕ“7‚µ–õfró“W¦&¤#D7…õ†ÃWE•”ÓFÔÖ7F„c‚óD–d%•uÓÒ"À¢&7R#¢°¢&&ÓcB ¢ÒÀ¢&FWb#¢G'VRÀ¢&Æ–6Vç6R#¢$Ô•B"À¢&÷F–öæÂ#¢G'VRÀ¢&÷2#¢°¢'v–ã3" ¢ÒÀ¢&Væv–æW2#¢°¢&æöFR#¢#ãÓ‚ ¢Ð¢ÒÀ¢&æöFUöÖöGVÆW2ôW6'V–ÆB÷v–ã3"Ö–3"#¢°¢'fW'6–öâ#¢#ã#‚ã""À¢'&W6öÇfVB#¢&‡GG3¢ò÷&Vv—7G'’æçÖ§2æ÷&rôW6'V–ÆB÷v–ã3"Ö–3"òÒ÷v–ã3"Ö–3"Óã#‚ã"çFw¢"À¢&–çFVw&—G’#¢'6†S"Õ–Ô¦&eFÇeSu6Fã”$"³E$U3Fô#g†u33tÔôæ¢¶„'"ö7…3%µ‡„æäF'Rµ5u£ó–Fw—†Ws–sf3U„¶WU”ÓÒ"À¢&7R#¢°¢&–3" ¢ÒÀ¢&FWb#¢G'VRÀ¢&Æ–6Vç6R#¢$Ô•B"À¢&÷F–öæÂ#¢G'VRÀ¢&÷2#¢°¢'v–ã3" ¢ÒÀ¢&Væv–æW2#¢°¢&æöFR#¢#ãÓ‚ ¢Ð¢ÒÀ¢&æöFUöÖöGVÆW2ôW6'V–ÆB÷v–ã3"×ƒcB#¢°¢'fW'6–öâ#¢#ã#‚ã""À¢'&W6öÇfVB#¢&‡GG3¢ò÷&Vv—7G'’æçÖ§2æ÷&rôW6'V–ÆB÷v–ã3"×ƒcBòÒ÷v–ã3"×ƒcBÓã#‚ã"çFw¢"À¢&–çFVw&—G’#¢'6†S"ÓVV'‡#6åt×§$Â÷&åT“sST¦·VVS$„ÂôwuDc–Çf7cs7tVWS„Öd%Vut³–&…we¦¦£w•ƒ†WFbó‡D“„æW“c“VsÓÒ"À¢&7R#¢°¢'ƒcB ¢ÒÀ¢&FWb#¢G'VRÀ¢&Æ–6Vç6R#¢$Ô•B"À¢&÷F–öæÂ#¢G'VRÀ¢&÷2#¢°¢'v–ã3" ¢ÒÀ¢&Væv–æW2#¢°¢&æöFR#¢#ãÓ‚ ¢Ð¢ÒÀ¢&æöFUöÖöGVÆW2ôæ’×'2öÇ¦ÖÖÆ–çW‚×ƒcBÖvçR#¢°¢'fW'6–öâ#¢#ãRã"À¢'&W6öÇfVB#¢&‡GG3¢ò÷&Vv—7G'’æçÖ§2æ÷&rôæ’×'2öÇ¦ÖÖÆ–çW‚×ƒcBÖvçRòÒöÇ¦ÖÖÆ–çW‚×ƒcBÖvçRÓãRãçFw¢"À¢&–çFVw&—G’#¢'6†S"ÖõE„T–†E77U†EDD——6¶£·Gƒ'•e†F†CsV3'c7„w$„fed×6&…E¥RöäÕÃG5t¶óG$†Ó6V4ÆvÄcc“fEG•ÓÒ"À¢&7R#¢°¢'ƒcB ¢ÒÀ¢&FWb#¢G'VRÀ¢&Æ–6Vç6R#¢$Ô•B"À¢&÷F–öæÂ#¢G'VRÀ¢&÷2#¢°¢&Æ–çW‚ ¢ÒÀ¢&Væv–æW2#¢°¢&æöFR#¢%ã#"ã#ÇÂã#Bã"ÇÂãÓ#R ¢Ð¢ÒÀ¢&æöFUöÖöGVÆW2ô&öÆÇW÷&öÆÇWÖæG&ö–BÖ&ÒÖV&’#¢°¢'fW'6–öâ#¢#Bãc2ã"À¢'&W6öÇfVB#¢&‡GG3¢ò÷&Vv—7G'’æçÖ§2æ÷&rô&öÆÇW÷&öÆÇWÖæG&ö–BÖ&ÒÖV&’òÒ÷&öÆÇWÖæG&ö–BÖ&ÒÖV&’ÓBãc2ãçFw¢"À¢&–çFVw&—G’#¢'6†S"ÕU£‡5W…F”…u•ƒ•æD¦VF#´E¥73Bõet%tu6w„æ“—s47Sd•‡gS&×¦&†•F•gG'uE¢·§”&••–ÇÓÒ"À¢&7R#¢°¢&&Ò ¢ÒÀ¢&FWb#¢G'VRÀ¢&Æ–6Vç6R#¢$Ô•B"À¢&÷F–öæÂ#¢G'VRÀ¢&÷2#¢°¢&æG&ö–B ¢Ð¢ÒÀ¢&æöFUöÖöGVÆW2ô&öÆÇW÷&öÆÇWÖæG&ö–BÖ&ÓcB#¢°¢'fW'6–öâ#¢#Bãc2ã"À¢'&W6öÇfVB#¢&‡GG3¢ò÷&Vv—7G'’æçÖ§2æ÷&rô&öÆÇW÷&öÆÇWÖæG&ö–BÖ&ÓcBòÒ÷&öÆÇWÖæG&ö–BÖ&ÓcBÓBãc2ãçFw¢"À¢&–çFVw&—G’#¢'6†S"Ö5Fäe$ãV4GdG'd£v$Õ7D7æg‡–å§%$ÖeT¥–w†4–³•6ƒSDd”ógFf¶s#c•$V¤U#sv–õ¢ö÷b¶T‚ô¶ÔÅÓÒ"À¢&7R#¢°¢&&ÓcB ¢ÒÀ¢&FWb#¢G'VRÀ¢&Æ–6Vç6R#¢$Ô•B"À¢&÷F–öæÂ#¢G'VRÀ¢&÷2#¢°¢&æG&ö–B ¢Ð¢ÒÀ¢&æöFUöÖöGVÆW2ô&öÆÇW÷&öÆÇWÖF'v–âÖ&ÓcB#¢°¢'fW'6–öâ#¢#Bãc2ã"À¢'&W6öÇfVB#¢&‡GG3¢ò÷&Vv—7G'’æçÖ§2æ÷&rô&öÆÇW÷&öÆÇWÖF'v–âÖ&ÓcBòÒ÷&öÆÇWÖF'v–âÖ&ÓcBÓBãc2ãçFw¢"À¢&–çFVw&—G’#¢'6†S"ÔeçCÅ'’ó„F³7†U$–µ4&”7„6”Få¤ó5”ÅfF4D´ãT&”µFôægD7¦5…”äÇ6†ÕETÖÇS%FFU3‡Dv75Sfc5”cÓÒ"À¢&7R#¢°¢&&ÓcB ¢ÒÀ¢&FWb#¢G'VRÀ¢&Æ–6Vç6R#¢$Ô•B"À¢&÷F–öæÂ#¢G'VRÀ¢&÷2#¢°¢&F'v–â ¢Ð¢ÒÀ¢&æöFUöÖöGVÆW2ô&öÆÇW÷&öÆÇWÖF'v–â×ƒcB#¢°¢'fW'6–öâ#¢#Bãc2ã"À¢'&W6öÇfVB#¢&‡GG3¢ò÷&Vv—7G'’æçÖ§2æ÷&rô&öÆÇW÷&öÆÇWÖF'v–â×ƒcBòÒ÷&öÆÇWÖF'v–â×ƒcBÓBãc2ãçFw¢"À¢&–çFVw&—G’#¢'6†S"×dCec“3”C46Æô³·–·v†•$EU…FSu“V5tôÖ´Õ7“vÓ6v„Tw’öµ…–’ôrö4´3D„D%6ç¤4–³v×6ôôµ†sÓÒ"À¢&7R#¢°¢'ƒcB ¢ÒÀ¢&FWb#¢G'VRÀ¢&Æ–6Vç6R#¢$Ô•B"À¢&÷F–öæÂ#¢G'VRÀ¢&÷2#¢°¢&F'v–â ¢Ð¢ÒÀ¢&æöFUöÖöGVÆW2ô&öÆÇW÷&öÆÇWÖg&VV'6BÖ&ÓcB#¢°¢'fW'6–öâ#¢#Bãc2ã"À¢'&W6öÇfVB#¢&‡GG3¢ò÷&Vv—7G'’æçÖ§2æ÷&rô&öÆÇW÷&öÆÇWÖg&VV'6BÖ&ÓcBòÒ÷&öÆÇWÖg&VV'6BÖ&ÓcBÓBãc2ãçFw¢"À¢&–çFVw&—G’#¢'6†S"×4dvTÃ#3CUgvEFä¦„g¤Æ&Wrµ–ut#$s"¶D×E†¤6–6cb·&Óf´óf4ööƒUfåFS¤×$Õ&u'—T†Ô4§…¥w$–G¥—T÷sÓÒ"À¢&7R#¢°¢&&ÓcB ¢ÒÀ¢&FWb#¢G'VRÀ¢&Æ–6Vç6R#¢$Ô•B"À¢&÷F–öæÂ#¢G'VRÀ¢&÷2#¢°¢&g&VV'6B ¢Ð¢ÒÀ¢&æöFUöÖöGVÆW2ô&öÆÇW÷&öÆÇWÖg&VV'6B×ƒcB#¢°¢'fW'6–öâ#¢#Bãc2ã"À¢'&W6öÇfVB#¢&‡GG3¢ò÷&Vv—7G'’æçÖ§2æ÷&rô&öÆÇW÷&öÆÇWÖg&VV'6B×ƒcBòÒ÷&öÆÇWÖg&VV'6B×ƒcBÓBãc2ãçFw¢"À¢&–çFVw&—G’#¢'6†S"ÖÕ$¦Ç5'VÅg¦4·ôÄ´d”54–34²öÃFg¦ÅfâövUã&å„”‡“‡6U&“W¢öVU$SBõ„Ô'†4ÖÆF•‡EE7&£F¶´36s…ÓÒ"À¢&7R#¢°¢'ƒcB ¢ÒÀ¢&FWb#¢G'VRÀ¢&Æ–6Vç6R#¢$Ô•B"À¢&÷F–öæÂ#¢G'VRÀ¢&÷2#¢°¢&g&VV'6B ¢Ð¢ÒÀ¢&æöFUöÖöGVÆW2ô&öÆÇW÷&öÆÇWÖÆ–çW‚Ö&ÒÖvçVV&–†b#¢°¢'fW'6–öâ#¢#Bãc2ã"À¢'&W6öÇfVB#¢&‡GG3¢ò÷&Vv—7G'’æçÖ§2æ÷&rô&öÆÇW÷&öÆÇWÖÆ–çW‚Ö&ÒÖvçVV&–†bòÒ÷&öÆÇWÖÆ–çW‚Ö&ÒÖvçVV&–†bÓBãc2ãçFw¢"À¢&–çFVw&—G’#¢'6†S"Õ”ETçedÓƒUD“6ró÷çµƒDæUrö£cDFetÖb´s4Óƒ—„æ³$¥6çgG6ƒƒ4çÕdSTE†æ¶ƒ…TÆ÷#DÅEe¤¶õ”Ä‡sÓÒ"À¢&7R#¢°¢&&Ò ¢ÒÀ¢&FWb#¢G'VRÀ¢&Æ–6Vç6R#¢$Ô•B"À¢&÷F–öæÂ#¢G'VRÀ¢&÷2#¢°¢&Æ–çW‚ ¢Ð¢ÒÀ¢&æöFUöÖöGVÆW2ô&öÆÇW÷&öÆÇWÖÆ–çW‚Ö&ÒÖ×W6ÆV&–†b#¢°¢'fW'6–öâ#¢#Bãc2ã"À¢'&W6öÇfVB#¢&‡GG3¢ò÷&Vv—7G'’æçÖ§2æ÷&rô&öÆÇW÷&öÆÇWÖÆ–çW‚Ö&ÒÖ×W6ÆV&–†bòÒ÷&öÆÇWÖÆ–çW‚Ö&ÒÖ×W6ÆV&–†bÓBãc2ãçFw¢"À¢&–çFVw&—G’#¢'6†S"ÓtÖ6ãs•§Ud¢¶‚¶F…‡’÷–TÆU%3'”µ&æÕsF–¤—F„´óWtäô•³G•f•55S×&"÷•vó†ƒ‡fu&&†ÇsÓÒ"À¢&7R#¢°¢&&Ò ¢ÒÀ¢&FWb#¢G'VRÀ¢&Æ–6Vç6R#¢$Ô•B"À¢&÷F–öæÂ#¢G'VRÀ¢&÷2#¢°¢&Æ–çW‚ ¢Ð¢ÒÀ¢&æöFUöÖöGVÆW2ô&öÆÇW÷&öÆÇWÖÆ–çW‚Ö&ÓcBÖvçR#¢°¢'fW'6–öâ#¢#Bãc2ã"À¢'&W6öÇfVB#¢&‡GG3¢ò÷&Vv—7G'’æçÖ§2æ÷&rô&öÆÇW÷&öÆÇWÖÆ–çW‚Ö&ÓcBÖvçRòÒ÷&öÆÇWÖÆ–çW‚Ö&ÓcBÖvçRÓBãc2ãçFw¢"À¢&–çFVw&—G’#¢'6†S"ÓE–”ÅEƒeSD56ÃÃ–6ÇVW”•seVÕFg$F3"ô4ƒgvÇSSGÃDSt¦ã64ôC†÷‡§d$DTv²ô¤Ô¶t£Ct3†r·&Dcv×wfsÓÒ"À¢&7R#¢°¢&&ÓcB ¢ÒÀ¢&FWb#¢G'VRÀ¢&Æ–6Vç6R#¢$Ô•B"À¢&÷F–öæÂ#¢G'VRÀ¢&÷2#¢°¢&Æ–çW‚ ¢Ð¢ÒÀ¢&æöFUöÖöGVÆW2ô&öÆÇW÷&öÆÇWÖÆ–çW‚Ö&ÓcBÖ×W6Â#¢°¢'fW'6–öâ#¢#Bãc2ã"À¢'&W6öÇfVB#¢&‡GG3¢ò÷&Vv—7G'’æçÖ§2æ÷&rô&öÆÇW÷&öÆÇWÖÆ–çW‚Ö&ÓcBÖ×W6ÂòÒ÷&öÆÇWÖÆ–çW‚Ö&ÓcBÖ×W6ÂÓBãc2ãçFw¢"À¢&–çFVw&—G’#¢'6†S"Ó'&„cws„÷Wu¤ã—£"öd´fæÆ“c—v…Çvg¥$Ô•v#4'”Ô§t3#„f'…Ÿ-¢G§²ÚîÆ­yÓ%TÒ·gsÓÒ"À¢&7R#¢°¢&&ÓcB ¢ÒÀ¢&FWb#¢G'VRÀ¢&Æ–6Vç6R#¢$Ô•B"À¢&÷F–öæÂ#¢G'VRÀ¢&÷2#¢°¢&Æ–çW‚ ¢Ð¢ÒÀ¢&æöFUöÖöGVÆW2ô&öÆÇW÷&öÆÇWÖÆ–çW‚ÖÆööæscBÖvçR#¢°¢'fW'6–öâ#¢#Bãc2ã"À¢'&W6öÇfVB#¢&‡GG3¢ò÷&Vv—7G'’æçÖ§2æ÷&rô&öÆÇW÷&öÆÇWÖÆ–çW‚ÖÆööæscBÖvçRòÒ÷&öÆÇWÖÆ–çW‚ÖÆööæscBÖvçRÓBãc2ãçFw¢"À¢&–çFVw&—G’#¢'6†S"Õ7“#æ7–†¦Ô%ÖÂµWe&–Ö¦Æ³edfv¥sWTå·t„#ÕDS„&Ã$3GT…FÅ't³%–õ†U¦&VSVÅ%†Wd%uf´E5ÓÒ"À¢&7R#¢°¢&ÆööæscB ¢ÒÀ¢&FWb#¢G'VRÀ¢&Æ–6Vç6R#¢$Ô•B"À¢&÷F–öæÂ#¢G'VRÀ¢&÷2#¢°¢&Æ–çW‚ ¢Ð¢ÒÀ¢&æöFUöÖöGVÆW2ô&öÆÇW÷&öÆÇWÖÆ–çW‚ÖÆööæscBÖ×W6Â#¢°¢'fW'6–öâ#¢#Bãc2ã"À¢'&W6öÇfVB#¢&‡GG3¢ò÷&Vv—7G'’æçÖ§2æ÷&rô&öÆÇW÷&öÆÇWÖÆ–çW‚ÖÆööæscBÖ×W6ÂòÒ÷&öÆÇWÖÆ–çW‚ÖÆööæscBÖ×W6ÂÓBãc2ãçFw¢"À¢&–çFVw&—G’#¢'6†S"Öæô•DÇ†ôæ¥–Æ•äuvÔÇ–VÄ”‡uTÄw$†Æõ„ws'G†%v…GUvöõ'å¦%¥£“”UT3G7§T7W462´„WWG‡—u—dÓÒ"À¢&7R#¢°¢&ÆööæscB ¢ÒÀ¢&FWb#¢G'VRÀ¢&Æ–6Vç6R#¢$Ô•B"À¢&÷F–öæÂ#¢G'VRÀ¢&÷2#¢°¢&Æ–çW‚ ¢Ð¢ÒÀ¢&æöFUöÖöGVÆW2ô&öÆÇW÷&öÆÇWÖÆ–çW‚×3cBÖvçR#¢°¢'fW'6–öâ#¢#Bãc2ã"À¢'&W6öÇfVB#¢&‡GG3¢ò÷&Vv—7G'’æçÖ§2æ÷&rô&öÆÇW÷&öÆÇWÖÆ–çW‚×3cBÖvçRòÒ÷&öÆÇWÖÆ–çW‚×3cBÖvçRÓBãc2ãçFw¢"À¢&–çFVw&—G’#¢'6†S"Ö†Ç‡…†B´cÕv”6e#u7c•¥CfÓeVd“‚µg’ö´d§§§G'DÕRóu£—6—6ƒ—7¤å§g5Fó„v3“W—TdT÷£VDFcfdÓÒ"À¢&7R#¢°¢'3cB ¢ÒÀ¢&FWb#¢G'VRÀ¢&Æ–6Vç6R#¢$Ô•B"À¢&÷F–öæÂ#¢G'VRÀ¢&÷2#¢°¢&Æ–çW‚ ¢Ð¢ÒÀ¢&æöFUöÖöGVÆW2ô&öÆÇW÷&öÆÇWÖÆ–çW‚×3cBÖ×W6Â#¢°¢'fW'6–öâ#¢#Bãc2ã"À¢'&W6öÇfVB#¢&‡GG3¢ò÷&Vv—7G'’æçÖ§2æ÷&rô&öÆÇW÷&öÆÇWÖÆ–çW‚×3cBÖ×W6ÂòÒ÷&öÆÇWÖÆ–çW‚×3cBÖ×W6ÂÓBãc2ãçFw¢"À¢&–çFVw&—G’#¢'6†S"ÔTct÷Eô'dwÇ¥V“G$T‡Vt5c”×VtU…4†V×usWg…£sU%"¶§„òó&£“Uƒ&FÄ×d…5dT6¥&ö–ô…¦t—¤õ”ÓÒ"À¢&7R#¢°¢'3cB ¢ÒÀ¢&FWb#¢G'VRÀ¢&Æ–6Vç6R#¢$Ô•B"À¢&÷F–öæÂ#¢G'VRÀ¢&÷2#¢°¢&Æ–çW‚ ¢Ð¢ÒÀ¢&æöFUöÖöGVÆW2ô&öÆÇW÷&öÆÇWÖÆ–çW‚×&—67ccBÖvçR#¢°¢'fW'6–öâ#¢#Bãc2ã"À¢'&W6öÇfVB#¢&‡GG3¢ò÷&Vv—7G'’æçÖ§2æ÷&rô&öÆÇW÷&öÆÇWÖÆ–çW‚×&—67ccBÖvçRòÒ÷&öÆÇWÖÆ–çW‚×&—67ccBÖvçRÓBãc2ãçFw¢"À¢&–çFVw&—G’#¢'6†S"×uó4¦W5s•&·vÆ%#w“w5edôõDÅ$ss4“Dc%U”„sU‡Vã4£•S7’¶#vW¥dµ5–'7e4´u³7…ÇVãD3–´ÇC7sÓÒ"À¢&7R#¢°¢'&—67ccB ¢ÒÀ¢&FWb#¢G'VRÀ¢&Æ–6Vç6R#¢$Ô•B"À¢&÷F–öæÂ#¢G'VRÀ¢&÷2#¢°¢&Æ–çW‚ ¢Ð¢ÒÀ¢&æöFUöÖöGVÆW2ô&öÆÇW÷&öÆÇWÖÆ–çW‚×&—67ccBÖ×W6Â#¢°¢'fW'6–öâ#¢#Bãc2ã"À¢'&W6öÇfVB#¢&‡GG3¢ò÷&Vv—7G'’æçÖ§2æ÷&rô&öÆÇW÷&öÆÇWÖÆ–çW‚×&—67ccBÖ×W6ÂòÒ÷&öÆÇWÖÆ–çW‚×&—67ccBÖ×W6ÂÓBãc2ãçFw¢"À¢&–çFVw&—G’#¢'6†S"Ö÷Twv„ógt…%†Fäõd4÷4#E$f´væ„ä#$çvƒfôT5„ã–”ã„U•UD$÷VDDô#’·”DÃcFTç‚÷StÕd7¦·4æ&µÓÒ"À¢&7R#¢°¢'&—67ccB ¢ÒÀ¢&FWb#¢G'VRÀ¢&Æ–6Vç6R#¢$Ô•B"À¢&÷F–öæÂ#¢G'VRÀ¢&÷2#¢°¢&Æ–çW‚ ¢Ð¢ÒÀ¢&æöFUöÖöGVÆW2ô&öÆÇW÷&öÆÇWÖÆ–çW‚×33“‚ÖvçR#¢°¢'fW'6–öâ#¢#Bãc2ã"À¢'&W6öÇfVB#¢&‡GG3¢ò÷&Vv—7G'’æçÖ§2æ÷&rô&öÆÇW÷&öÆÇWÖÆ–çW‚×33“‚ÖvçRòÒ÷&öÆÇWÖÆ–çW‚×33“‚ÖvçRÓBãc2ãçFw¢"À¢&–çFVw&—G’#¢'6†S"×%#3…6â³£…'††d¢µCSGu5v×”µ…vV2³–¦tFgó$D$W„óU#&V—TƒTõ”Ç#UU”Edw5f¥TeVöôÖ…”6G£TÓÒ"À¢&7R#¢°¢'33“‚ ¢ÒÀ¢&FWb#¢G'VRÀ¢&Æ–6Vç6R#¢$Ô•B"À¢&÷F–öæÂ#¢G'VRÀ¢&÷2#¢°¢&Æ–çW‚ ¢Ð¢ÒÀ¢&æöFUöÖöGVÆW2ô&öÆÇW÷&öÆÇWÖÆ–çW‚×ƒcBÖvçR#¢°¢'fW'6–öâ#¢#Bãc2ã"À¢'&W6öÇfVB#¢&‡GG3¢ò÷&Vv—7G'’æçÖ§2æ÷&rô&öÆÇW÷&öÆÇWÖÆ–çW‚×ƒcBÖvçRòÒ÷&öÆÇWÖÆ–çW‚×ƒcBÖvçRÓBãc2ãçFw¢"À¢&–çFVw&—G’#¢'6†S"Övd“UC#EtÄÇTfe4·stvò÷¤E†¤cfç“7uFGbµv¤³wg7sF5&„ffG7”´Ãâ·V´’¶öô'†ã6%eç—&ãew“SsÓÒ"À¢&7R#¢°¢'ƒcB ¢ÒÀ¢&FWb#¢G'VRÀ¢&Æ–6Vç6R#¢$Ô•B"À¢&÷F–öæÂ#¢G'VRÀ¢&÷2#¢°¢&Æ–çW‚ ¢Ð¢ÒÀ¢&æöFUöÖöGVÆW2ô&öÆÇW÷&öÆÇWÖÆ–çW‚×ƒcBÖ×W6Â#¢°¢'fW'6–öâ#¢#Bãc2ã"À¢'&W6öÇfVB#¢&‡GG3¢ò÷&Vv—7G'’æçÖ§2æ÷&rô&öÆÇW÷&öÆÇWÖÆ–çW‚×ƒcBÖ×W6ÂòÒ÷&öÆÇWÖÆ–çW‚×ƒcBÖ×W6ÂÓBãc2ãçFw¢"À¢&–çFVw&—G’#¢'6†S"ÓFƒe‡F†Ô#D‡7¦“ƒGwfv²´VÆöEG4v¢¶F%§„¤„‡D·†£FÕ—å4TUƒ——36Öô§VW5&§w¥”ƒsƒsD—Gvæ£&÷sÓÒ"À¢&7R#¢°¢'ƒcB ¢ÒÀ¢&FWb#¢G'VRÀ¢&Æ–6Vç6R#¢$Ô•B"À¢&÷F–öæÂ#¢G'VRÀ¢&÷2#¢°¢&Æ–çW‚ ¢Ð¢ÒÀ¢&æöFUöÖöGVÆW2ô&öÆÇW÷&öÆÇWÖ÷Væ'6B×ƒcB#¢°¢'fW'6–öâ#¢#Bãc2ã"À¢'&W6öÇfVB#¢&‡GG3¢ò÷&Vv—7G'’æçÖ§2æ÷&rô&öÆÇW÷&öÆÇWÖ÷Væ'6B×ƒcBòÒ÷&öÆÇWÖ÷Væ'6B×ƒcBÓBãc2ãçFw¢"À¢&–çFVw&—G’#¢'6†S"ÖFÆd4öƒvód–VtÅ”T¶–Çƒ$¤6U&öf—•v…D6×çU…£f$Õ—–4ó'·4¶÷VÄwtÄ—5D—r³ƒU"·¦vƒTÆ†„ÓÒ"À¢&7R#¢°¢'ƒcB ¢ÒÀ¢&FWb#¢G'VRÀ¢&Æ–6Vç6R#¢$Ô•B"À¢&÷F–öæÂ#¢G'VRÀ¢&÷2#¢°¢&÷Væ'6B ¢Ð¢ÒÀ¢&æöFUöÖöGVÆW2ô&öÆÇW÷&öÆÇWÖ÷Væ†&Ööç’Ö&ÓcB#¢°¢'fW'6–öâ#¢#Bãc2ã"À¢'&W6öÇfVB#¢&‡GG3¢ò÷&Vv—7G'’æçÖ§2æ÷&rô&öÆÇW÷&öÆÇWÖ÷Væ†&Ööç’Ö&ÓcBòÒ÷&öÆÇWÖ÷Væ†&Ööç’Ö&ÓcBÓBãc2ãçFw¢"À¢&–çFVw&—G’#¢'6†S"Ö6¦´Æ$öÆf6Ó5v„ÔÓ£W¦¦§7svvv$ãg's•UE55'%%#¶¶5†äãuW—%s3G„–Õ•dõ“”tâ³gS%¦£ƒ#—F¶7sÓÒ"À¢&7R#¢°¢&&ÓcB ¢ÒÀ¢&FWb#¢G'VRÀ¢&Æ–6Vç6R#¢$Ô•B"À¢&÷F–öæÂ#¢G'VRÀ¢&÷2#¢°¢&÷Væ†&Ööç’ ¢Ð¢ÒÀ¢&æöFUöÖöGVÆW2ô&öÆÇW÷&öÆÇW×v–ã3"Ö&ÓcBÖ×7f2#¢°¢'fW'6–öâ#¢#Bãc2ã"À¢'&W6öÇfVB#¢&‡GG3¢ò÷&Vv—7G'’æçÖ§2æ÷&rô&öÆÇW÷&öÆÇW×v–ã3"Ö&ÓcBÖ×7f2òÒ÷&öÆÇW×v–ã3"Ö&ÓcBÖ×7f2ÓBãc2ãçFw¢"À¢&–çFVw&—G’#¢'6†S"ÔÆ“¶EVåttSDã6Sbô#E%D#×2¶äsEt&v¤'”óCg¶T%e‚ó%T'5“S7†cWd³•w–ufÖäƒ5'væ4•5CvÆµ6DÅ5“e–ÆsÓÒ"À¢&7R#¢°¢&&ÓcB ¢ÒÀ¢&FWb#¢G'VRÀ¢&Æ–6Vç6R#¢$Ô•B"À¢&÷F–öæÂ#¢G'VRÀ¢&÷2#¢°¢'v–ã3" ¢Ð¢ÒÀ¢&æöFUöÖöGVÆW2ô&öÆÇW÷&öÆÇW×v–ã3"Ö–3"Ö×7f2#¢°¢'fW'6–öâ#¢#Bãc2ã"À¢'&W6öÇfVB#¢&‡GG3¢ò÷&Vv—7G'’æçÖ§2æ÷&rô&öÆÇW÷&öÆÇW×v–ã3"Ö–3"Ö×7f2òÒ÷&öÆÇW×v–ã3"Ö–3"Ö×7f2ÓBãc2ãçFw¢"À¢&–çFVw&—G’#¢'6†S"×CE¥”õ6ôÅFwv‡Td×&ÕDÔÇ‚ò¶“Ed³t…—Ö3fµ“CdTv“…ƒä•g‡¦DæõF…S7‡Cfâ´ãWW$söw„&D6´DÆffsÓÒ"À¢&7R#¢°¢&–3" ¢ÒÀ¢&FWb#¢G'VRÀ¢&Æ–6Vç6R#¢$Ô•B"À¢&÷F–öæÂ#¢G'VRÀ¢&÷2#¢°¢'v–ã3" ¢Ð¢ÒÀ¢&æöFUöÖöGVÆW2ô&öÆÇW÷&öÆÇW×v–ã3"×ƒcBÖvçR#¢°¢'fW'6–öâ#¢#Bãc2ã"À¢'&W6öÇfVB#¢&‡GG3¢ò÷&Vv—7G'’æçÖ§2æ÷&rô&öÆÇW÷&öÆÇW×v–ã3"×ƒcBÖvçRòÒ÷&öÆÇW×v–ã3"×ƒcBÖvçRÓBãc2ãçFw¢"À¢&–çFVw&—G’#¢'6†S"Õ&w&õdÖÔ¶ÄC'¥4G‡gvv5—“$„å¶õ•ctö×t•„G6³s7TµsWCd"õc„´—“#u4×bôdå„fòöõ4'Ev3”£ƒwC“W¥¦sÓÒ"À¢&7R#¢°¢'ƒcB ¢ÒÀ¢&FWb#¢G'VRÀ¢&Æ–6Vç6R#¢$Ô•B"À¢&÷F–öæÂ#¢G'VRÀ¢&÷2#¢°¢'v–ã3" ¢Ð¢ÒÀ¢&æöFUöÖöGVÆW2ô&öÆÇW÷&öÆÇW×v–ã3"×ƒcBÖ×7f2#¢°¢'fW'6–öâ#¢#Bãc2ã"À¢'&W6öÇfVB#¢&‡GG3¢ò÷&Vv—7G'’æçÖ§2æ÷&rô&öÆÇW÷&öÆÇW×v–ã3"×ƒcBÖ×7f2òÒ÷&öÆÇW×v–ã3"×ƒcBÖ×7f2ÓBãc2ãçFw¢"À¢&–çFVw&—G’#¢'6†S"ÖC…fWe36ƒU“fu6&DuSf%%“Ut¦¶ceuVGTÓ•—Ge”Ö%–„#ÔôfeVv3f¶V†—E‡¤÷DÕ6Csvc—–E‡Sƒ#sÓÒ"À¢&7R#¢°¢'ƒcB ¢ÒÀ¢&FWb#¢G'VRÀ¢&Æ–6Vç6R#¢$Ô•B"À¢&÷F–öæÂ#¢G'VRÀ¢&÷2#¢°¢'v–ã3" ¢Ð¢ÒÀ¢&æöFUöÖöGVÆW2ôG—W2öW7G&VR#¢°¢'fW'6–öâ#¢#ãã’"À¢'&W6öÇfVB#¢&‡GG3¢ò÷&Vv—7G'’æçÖ§2æ÷&rôG—W2öW7G&VRòÒöW7G&VRÓãã’çFw¢"À¢&–çFVw&—G’#¢'6†S"Ôv†Ew“VÃBô–ÕUƒUWsF7s"ôÓ“4$5VÖäWeu¤å7FÄ7¤T´ÔSDf¶²µ—ôTö”„åÖõ3t6f#…†5–†Ó'¦VsÓÒ"À¢&FWb#¢G'VRÀ¢&Æ–6Vç6R#¢$Ô•B ¢ÒÀ¢&æöFUöÖöGVÆW2öW6'V–ÆB#¢°¢'fW'6–öâ#¢#ã#‚ã""À¢'&W6öÇfVB#¢&‡GG3¢ò÷&Vv—7G'’æçÖ§2æ÷&röW6'V–ÆBòÒöW6'V–ÆBÓã#‚ã"çFw¢"À¢&–çFVw&—G’#¢'6†S"Ô„µdÅ3†Gd”’·†ôµs–¶×†%$·&åtU†d¤§"ôe¦†„¦Ö—”#SS5å”gô&÷UDÔòö³W4”CD×d6•T7gc†#”ÓFƒ3't”ÓÒ"À¢&FWb#¢G'VRÀ¢&†4–ç7FÆÅ67&—B#¢G'VRÀ¢&Æ–6Vç6R#¢$Ô•B"À¢&&–â#¢°¢&W6'V–ÆB#¢&&–âöW6'V–ÆB ¢ÒÀ¢&Væv–æW2#¢°¢&æöFR#¢#ãÓ‚ ¢ÒÀ¢&÷F–öæÄFWVæFVæ6–W2#¢°¢$W6'V–ÆBö—‚×3cB#¢#ã#‚ã""À¢$W6'V–ÆBöæG&ö–BÖ&Ò#¢#ã#‚ã""À¢$W6'V–ÆBöæG&ö–BÖ&ÓcB#¢#ã#‚ã""À¢$W6'V–ÆBöæG&ö–B×ƒcB#¢#ã#‚ã""À¢$W6'V–ÆBöF'v–âÖ&ÓcB#¢#ã#‚ã""À¢$W6'V–ÆBöF'v–â×ƒcB#¢#ã#‚ã""À¢$W6'V–ÆBög&VV'6BÖ&ÓcB#¢#ã#‚ã""À¢$W6'V–ÆBög&VV'6B×ƒcB#¢#ã#‚ã""À¢$W6'V–ÆBöÆ–çW‚Ö&Ò#¢#ã#‚ã""À¢$W6'V–ÆBöÆ–çW‚Ö&ÓcB#¢#ã#‚ã""À¢$W6'V–ÆBöÆ–çW‚Ö–3"#¢#ã#‚ã""À¢$W6'V–ÆBöÆ–çW‚ÖÆööæscB#¢#ã#‚ã""À¢$W6'V–ÆBöÆ–çW‚ÖÖ—3cFVÂ#¢#ã#‚ã""À¢$W6'V–ÆBöÆ–çW‚×3cB#¢#ã#‚ã""À¢$W6'V–ÆBöÆ–çW‚×&—67ccB#¢#ã#‚ã""À¢$W6'V–ÆBöÆ–çW‚×33“‚#¢#ã#‚ã""À¢$W6'V–ÆBöÆ–çW‚×ƒcB#¢#ã#‚ã""À¢$W6'V–ÆBöæWF'6BÖ&ÓcB#¢#ã#‚ã""À¢$W6'V–ÆBöæWF'6B×ƒcB#¢#ã#‚ã""À¢$W6'V–ÆBö÷Væ'6BÖ&ÓcB#¢#ã#‚ã""À¢$W6'V–ÆBö÷Væ'6B×ƒcB#¢#ã#‚ã""À¢$W6'V–ÆBö÷Væ†&Ööç’Ö&ÓcB#¢#ã#‚ã""À¢$W6'V–ÆB÷7Væ÷2×ƒcB#¢#ã#‚ã""À¢$W6'V–ÆB÷v–ã3"Ö&ÓcB#¢#ã#‚ã""À¢$W6'V–ÆB÷v–ã3"Ö–3"#¢#ã#‚ã""À¢$W6'V–ÆB÷v–ã3"×ƒcB#¢#ã#‚ã" ¢Ð¢ÒÀ¢&æöFUöÖöGVÆW2öWfVçFVÖ—GFW#2#¢°¢'fW'6–öâ#¢#RããB"À¢'&W6öÇfVB#¢&‡GG3¢ò÷&Vv—7G'’æçÖ§2æ÷&röWfVçFVÖ—GFW#2òÒöWfVçFVÖ—GFW#2ÓRããBçFw¢"À¢&–çFVw&—G’#¢'6†S"ÖÖÇ5E'”v&¥VF³d'gr¶'5„GFô”¦ÓTÔót¦uR·•e'”ÕTó†$CD¶66“t%3ƒVc“7fVVvT5´Ã…#DtÄ6Ææ¤ÄgsÓÒ"À¢&Æ–6Vç6R#¢$Ô•B ¢ÒÀ¢&æöFUöÖöGVÆW2öfF—"#¢°¢'fW'6–öâ#¢#bãRã"À¢'&W6öÇfVB#¢&‡GG3¢ò÷&Vv—7G'’æçÖ§2æ÷&röfF—"òÒöfF—"ÓbãRãçFw¢"À¢&–çFVw&—G’#¢'6†S"×D–%—E¦'V4÷3%$w¦·6„¥U–DÂµ4DƒvEdÓ†v§’´U'5tV¤ÄTd¤R³&¶ç”‡Gv¥töçw$µ”&—tÔÓF´Ä¤å†sÓÒ"À¢&FWb#¢G'VRÀ¢&Æ–6Vç6R#¢$Ô•B"À¢&Væv–æW2#¢°¢&æöFR#¢#ãÓ"ãã ¢ÒÀ¢'VW$FWVæFVæ6–W2#¢°¢'–6öÖF6‚#¢%ã2ÇÂãB ¢ÒÀ¢'VW$FWVæFVæ6–W4ÖWF#¢°¢'–6öÖF6‚#¢°¢&÷F–öæÂ#¢G'VP¢Ð¢Ð¢ÒÀ¢&æöFUöÖöGVÆW2ög6WfVçG2#¢°¢'fW'6–öâ#¢#"ã2ã2"À¢'&W6öÇfVB#¢&‡GG3¢ò÷&Vv—7G'’æçÖ§2æ÷&rög6WfVçG2òÒög6WfVçG2Ó"ã2ã2çFw¢"À¢&–çFVw&—G’#¢'6†S"ÓW†ôFe‚¶dÃvfFævÕu$gGv‚õ#suvÔÔ×„u3cT37gd#”‡&tb´#–Õ£3CCDÖ£Vãc6³#%„æô§w¦Æ†fesÓÒ"À¢&FWb#¢G'VRÀ¢&†4–ç7FÆÅ67&—B#¢G'VRÀ¢&Æ–6Vç6R#¢$Ô•B"À¢&÷F–öæÂ#¢G'VRÀ¢&÷2#¢°¢&F'v–â ¢ÒÀ¢&Væv–æW2#¢°¢&æöFR#¢%ã‚ãbãÇÂããbãÇÂãÓãã ¢Ð¢ÒÀ¢&æöFUöÖöGVÆW2öææö–B#¢°¢'fW'6–öâ#¢#2ã2ã‚"À¢'&W6öÇfVB#¢&‡GG3¢ò÷&Vv—7G'’æçÖ§2æ÷&röææö–BòÒöææö–BÓ2ã2ã‚çFw¢"À¢&–çFVw&—G’#¢'6†S"ÔEFsDÔ¦$tÕv¶f“ee¤fDçC"ö6Ö%“D÷R´÷ö„¥dtUv6åffô·‡¥$´§s–¤Cb´udôöU—"öÔ–7TE6GVsdcb·sÓÒ"À¢&FWb#¢G'VRÀ¢&gVæF–ær#¢°¢°¢'G—R#¢&v—F‡V""À¢'W&Â#¢&‡GG3¢òöv—F‡V"æ6öÒ÷7öç6÷'2ö’ ¢Ð¢ÒÀ¢&Æ–6Vç6R#¢$Ô•B"À¢&&–â#¢°¢&ææö–B#¢&&–âöææö–Bæ6§2 ¢ÒÀ¢&Væv–æW2#¢°¢&æöFR#¢%ãÇÂã"ÇÂã2ãrÇÂãBÇÂãÓRãã ¢Ð¢ÒÀ¢&æöFUöÖöGVÆW2÷†6W"#¢°¢'fW'6–öâ#¢#Bã"ã"À¢'&W6öÇfVB#¢&‡GG3¢ò÷&Vv—7G'’æçÖ§2æ÷&r÷†6W"òÒ÷†6W"ÓBã"ãçFw¢"À¢&–çFVw&—G’#¢'6†S"ÕuTçt5§F§e¦—UCe6t6e•es…ró6£¤£Gw3u%¶„dÄgSsG6$wW”„¦6$gVTvµ’ô”óE“Cv$å†ãô4¦TÅ‚ò÷sÓÒ"À¢&Æ–6Vç6R#¢$Ô•B"À¢&FWVæFVæ6–W2#¢°¢&WfVçFVÖ—GFW#2#¢%ãRããB ¢Ð¢ÒÀ¢&æöFUöÖöGVÆW2÷–6ö6öÆ÷'2#¢°¢'fW'6–öâ#¢#ãã"À¢'&W6öÇfVB#¢&‡GG3¢ò÷&Vv—7G'’æçÖ§2æ÷&r÷–6ö6öÆ÷'2òÒ÷–6ö6öÆ÷'2ÓããçFw¢"À¢&–çFVw&—G’#¢'6†S"×†6Tƒ'6æ‡F#TÓ–Æ—G6ÔWsSfÆS3sfÕE¦´U‚ö¤V"õ'„äg–VtçVÃvTç6Ä5…”dF¢ôÆ7Sƒ„´W”Ö6U&çG‡$DUdÓÒ"À¢&FWb#¢G'VRÀ¢&Æ–6Vç6R#¢$•42 ¢ÒÀ¢&æöFUöÖöGVÆW2÷–6öÖF6‚#¢°¢'fW'6–öâ#¢#Bããr"À¢'&W6öÇfVB#¢&‡GG3¢ò÷&Vv—7G'’æçÖ§2æ÷&r÷–6öÖF6‚òÒ÷–6öÖF6‚ÓBããrçFw¢"À¢&–çFVw&—G’#¢'6†S"×4§Sƒ…$•w§4DCS#”¤´ÖGtvÒöGd–åsD‡eå'v”ƒ”§F–„§g¤t÷64GD„S7ƒ$¶UTõG—5†µfÔÆä£&´§Sw–†4tÓÒ"À¢&FWb#¢G'VRÀ¢&Æ–6Vç6R#¢$Ô•B"À¢&Væv–æW2#¢°¢&æöFR#¢#ãÓ" ¢ÒÀ¢&gVæF–ær#¢°¢'W&Â#¢&‡GG3¢òöv—F‡V"æ6öÒ÷7öç6÷'2ö¦öç66†Æ–æ¶W'B ¢Ð¢ÒÀ¢&æöFUöÖöGVÆW2÷÷7F772#¢°¢'fW'6–öâ#¢#‚ãRã#‚"À¢'&W6öÇfVB#¢&‡GG3¢ò÷&Vv—7G'’æçÖ§2æ÷&r÷÷7F772òÒ÷÷7F772Ó‚ãRã#‚çFw¢"À¢&–çFVw&—G’#¢'6†S"Õ%'W§GGCU“–ƒ7W£V…v„²µEç6Õg3ewu5SdÆ´¤ÖU“D‡7ETTGU•Ds…T¥6FtÕ'¦×¤Eb´´Vôs„ã5s'Ç“WdÒôÓÒ"À¢&FWb#¢G'VRÀ¢&gVæF–ær#¢°¢°¢'G—R#¢&÷Væ6öÆÆV7F—fR"À¢'W&Â#¢&‡GG3¢òö÷Væ6öÆÆV7F—fRæ6öÒ÷÷7F772ò ¢ÒÀ¢°¢'G—R#¢'F–FVÆ–gB"À¢'W&Â#¢&‡GG3¢ò÷F–FVÆ–gBæ6öÒögVæF–æröv—F‡V"öçÒ÷÷7F772 ¢ÒÀ¢°¢'G—R#¢&v—F‡V""À¢'W&Â#¢&‡GG3¢òöv—F‡V"æ6öÒ÷7öç6÷'2ö’ ¢Ð¢ÒÀ¢&Æ–6Vç6R#¢$Ô•B"À¢&FWVæFVæ6–W2#¢°¢&ææö–B#¢%ã2ã2ã‚"À¢'–6ö6öÆ÷'2#¢%ããã"À¢'6÷W&6RÖÖÖ§2#¢%ãã"ã ¢ÒÀ¢&Væv–æW2#¢°¢&æöFR#¢%ãÇÂã"ÇÂãÓB ¢Ð¢ÒÀ¢&æöFUöÖöGVÆW2÷&öÆÇW#¢°¢'fW'6–öâ#¢#Bãc2ã"À¢'&W6öÇfVB#¢&‡GG3¢ò÷&Vv—7G'’æçÖ§2æ÷&r÷&öÆÇWòÒ÷&öÆÇWÓBãc2ãçFw¢"À¢&–çFVw&—G’#¢'6†S"Ó4Fc–§77Gv†67TVfÔÖ“–Ã……V‚ôtöµdö&ÔeESt45d'—4V&4õ¤ÆÃƒF¤7F¤Ö5”×£$Tt·4G¥5Rµ‡#6â÷uSf6sÓÒ"À¢&FWb#¢G'VRÀ¢&Æ–6Vç6R#¢$Ô•B"À¢&FWVæFVæ6–W2#¢°¢$G—W2öW7G&VR#¢#ãã’ ¢ÒÀ¢&&–â#¢°¢'&öÆÇW#¢&F—7Bö&–â÷&öÆÇW ¢ÒÀ¢&Væv–æW2#¢°¢&æöFR#¢#ãÓ‚ãã"À¢&çÒ#¢#ãÓ‚ãã ¢ÒÀ¢&÷F–öæÄFWVæFVæ6–W2#¢°¢$æ’×'2öÇ¦ÖÖÆ–çW‚×ƒcBÖvçR#¢#ãRã"À¢$&öÆÇW÷&öÆÇWÖæG&ö–BÖ&ÒÖV&’#¢#Bãc2ã"À¢$&öÆÇW÷&öÆÇWÖæG&ö–BÖ&ÓcB#¢#Bãc2ã"À¢$&öÆÇW÷&öÆÇWÖF'v–âÖ&ÓcB#¢#Bãc2ã"À¢$&öÆÇW÷&öÆÇWÖF'v–â×ƒcB#¢#Bãc2ã"À¢$&öÆÇW÷&öÆÇWÖg&VV'6BÖ&ÓcB#¢#Bãc2ã"À¢$&öÆÇW÷&öÆÇWÖg&VV'6B×ƒcB#¢#Bãc2ã"À¢$&öÆÇW÷&öÆÇWÖÆ–çW‚Ö&ÒÖvçVV&–†b#¢#Bãc2ã"À¢$&öÆÇW÷&öÆÇWÖÆ–çW‚Ö&ÒÖ×W6ÆV&–†b#¢#Bãc2ã"À¢$&öÆÇW÷&öÆÇWÖÆ–çW‚Ö&ÓcBÖvçR#¢#Bãc2ã"À¢$&öÆÇW÷&öÆÇWÖÆ–çW‚Ö&ÓcBÖ×W6Â#¢#Bãc2ã"À¢$&öÆÇW÷&öÆÇWÖÆ–çW‚ÖÆööæscBÖvçR#¢#Bãc2ã"À¢$&öÆÇW÷&öÆÇWÖÆ–çW‚ÖÆööæscBÖ×W6Â#¢#Bãc2ã"À¢$&öÆÇW÷&öÆÇWÖÆ–çW‚×3cBÖvçR#¢#Bãc2ã"À¢$&öÆÇW÷&öÆÇWÖÆ–çW‚×3cBÖ×W6Â#¢#Bãc2ã"À¢$&öÆÇW÷&öÆÇWÖÆ–çW‚×&—67ccBÖvçR#¢#Bãc2ã"À¢$&öÆÇW÷&öÆÇWÖÆ–çW‚×&—67ccBÖ×W6Â#¢#Bãc2ã"À¢$&öÆÇW÷&öÆÇWÖÆ–çW‚×33“‚ÖvçR#¢#Bãc2ã"À¢$&öÆÇW÷&öÆÇWÖÆ–çW‚×ƒcBÖvçR#¢#Bãc2ã"À¢$&öÆÇW÷&öÆÇWÖÆ–çW‚×ƒcBÖ×W6Â#¢#Bãc2ã"À¢$&öÆÇW÷&öÆÇWÖ÷Væ'6B×ƒcB#¢#Bãc2ã"À¢$&öÆÇW÷&öÆÇWÖ÷Væ†&Ööç’Ö&ÓcB#¢#Bãc2ã"À¢$&öÆÇW÷&öÆÇW×v–ã3"Ö&ÓcBÖ×7f2#¢#Bãc2ã"À¢$&öÆÇW÷&öÆÇW×v–ã3"Ö–3"Ö×7f2#¢#Bãc2ã"À¢$&öÆÇW÷&öÆÇW×v–ã3"×ƒcBÖvçR#¢#Bãc2ã"À¢$&öÆÇW÷&öÆÇW×v–ã3"×ƒcBÖ×7f2#¢#Bãc2ã"À¢&g6WfVçG2#¢'ã"ã2ã" ¢Ð¢ÒÀ¢&æöFUöÖöGVÆW2÷6÷W&6RÖÖÖ§2#¢°¢'fW'6–öâ#¢#ã"ã"À¢'&W6öÇfVB#¢&‡GG3¢ò÷&Vv—7G'’æçÖ§2æ÷&r÷6÷W&6RÖÖÖ§2òÒ÷6÷W&6RÖÖÖ§2Óã"ãçFw¢"À¢&–çFVw&—G’#¢'6†S"ÕU…tÔ¶„Ä÷ud¶#s#„•WE‡†e•R·W6G–'EW$²ó‡TtS„5×g&„÷wg¤D'v£…4ÃtÕ3wd—4•4$s…e‚´”E‡eÓÒ"À¢&FWb#¢G'VRÀ¢&Æ–6Vç6R#¢$%4BÓ2Ô6ÆW6R"À¢&Væv–æW2#¢°¢&æöFR#¢#ãÓãã ¢Ð¢ÒÀ¢&æöFUöÖöGVÆW2÷F–ç–vÆö&'’#¢°¢'fW'6–öâ#¢#ã"ãr"À¢'&W6öÇfVB#¢&‡GG3¢ò÷&Vv—7G'’æçÖ§2æ÷&r÷F–ç–vÆö&'’òÒ÷F–ç–vÆö&'’Óã"ãrçFw¢"À¢&–çFVw&—G’#¢'6†S"×u…"öE—7¶ÖewVE¦¦”´¤÷t4äfæDCDÖç%rö5–¥dwGDV´&efv4Äd†ôç&Æ£CvÖ¤õf–3——”çScVÇ6tcDå•F&sÓÒ"À¢&FWb#¢G'VRÀ¢&Æ–6Vç6R#¢$Ô•B"À¢&FWVæFVæ6–W2#¢°¢&fF—"#¢%ãbãRã"À¢'–6öÖF6‚#¢%ãBããB ¢ÒÀ¢&Væv–æW2#¢°¢&æöFR#¢#ãÓ"ãã ¢ÒÀ¢&gVæF–ær#¢°¢'W&Â#¢&‡GG3¢òöv—F‡V"æ6öÒ÷7öç6÷'2õ7WW&6‡WTFWb ¢Ð¢ÒÀ¢&æöFUöÖöGVÆW2÷G—W67&—B#¢°¢'fW'6–öâ#¢#Rã’ã2"À¢'&W6öÇfVB#¢&‡GG3¢ò÷&Vv—7G'’æçÖ§2æ÷&r÷G—W67&—BòÒ÷G—W67&—BÓRã’ã2çFw¢"À¢&–çFVw&—G’#¢'6†S"Ö¦Ãe§¥F–äÇ#–UWC4¢÷CucdftäWs•§d%G—7£”¶eDCCe$3%“GdµF–WeCF%†Æ#$†„Ç‡wFÓdÓUFu7sÓÒ"À¢&FWb#¢G'VRÀ¢&Æ–6Vç6R#¢$6†RÓ"ã"À¢&&–â#¢°¢'G62#¢&&–â÷G62"À¢'G76W'fW"#¢&&–â÷G76W'fW" ¢ÒÀ¢&Væv–æW2#¢°¢&æöFR#¢#ãÓBãr ¢Ð¢ÒÀ¢&æöFUöÖöGVÆW2÷f—FR#¢°¢'fW'6–öâ#¢#rã2ãb"À¢'&W6öÇfVB#¢&‡GG3¢ò÷&Vv—7G'’æçÖ§2æ÷&r÷f—FRòÒ÷f—FRÓrã2ãbçFw¢"À¢&–çFVw&—G’#¢'6†S"ÓE…c7$v¥5¤fc”‚¶D¤–´³'¦äÃ7¥fÃ”¶´õc”Ö¶µ%"ó4FÇ3G†'5FÆôV3T$Å…uÃ—g4÷†÷‡”¶ôÖÔGVVsÓÒ"À¢&FWb#¢G'VRÀ¢&Æ–6Vç6R#¢$Ô•B"À¢&FWVæFVæ6–W2#¢°¢&W6'V–ÆB#¢%ãã#rãÇÂãã#‚ã"À¢&fF—"#¢%ãbãRã"À¢'–6öÖF6‚#¢%ãBãã2"À¢'÷7F772#¢%ã‚ãRãb"À¢'&öÆÇW#¢%ãBãC2ã"À¢'F–ç–vÆö&'’#¢%ãã"ãR ¢ÒÀ¢&&–â#¢°¢'f—FR#¢&&–â÷f—FRæ§2 ¢ÒÀ¢&Væv–æW2#¢°¢&æöFR#¢%ã#ã’ãÇÂãÓ#"ã"ã ¢ÒÀ¢&gVæF–ær#¢°¢'W&Â#¢&‡GG3¢òöv—F‡V"æ6öÒ÷f—FV§2÷f—FS÷7öç6÷#Ó ¢ÒÀ¢&÷F–öæÄFWVæFVæ6–W2#¢°¢&g6WfVçG2#¢'ã"ã2ã2 ¢ÒÀ¢'VW$FWVæFVæ6–W2#¢°¢$G—W2öæöFR#¢%ã#ã’ãÇÂãÓ#"ã"ã"À¢&¦—F’#¢#ãÓã#ã"À¢&ÆW72#¢%ãBãã"À¢&Æ–v‡Fæ–æv772#¢%ãã#ã"À¢'672#¢%ããsã"À¢'672ÖVÖ&VFFVB#¢%ããsã"À¢'7G–ÇW2#¢#ãÓãSBã‚"À¢'7Vv'72#¢%ãRãã"À¢'FW'6W"#¢%ãRãbã"À¢'G7‚#¢%ãBã‚ã"À¢'–ÖÂ#¢%ã"ãBã" ¢ÒÀ¢'VW$FWVæFVæ6–W4ÖWF#¢°¢$G—W2öæöFR#¢°¢&÷F–öæÂ#¢G'VP¢ÒÀ¢&¦—F’#¢°¢&÷F–öæÂ#¢G'VP¢ÒÀ¢&ÆW72#¢°¢&÷F–öæÂ#¢G'VP¢ÒÀ¢&Æ–v‡Fæ–æv772#¢°¢&÷F–öæÂ#¢G'VP¢ÒÀ¢'672#¢°¢&÷F–öæÂ#¢G'VP¢ÒÀ¢'672ÖVÖ&VFFVB#¢°¢&÷F–öæÂ#¢G'VP¢ÒÀ¢'7G–ÇW2#¢°¢&÷F–öæÂ#¢G'VP¢ÒÀ¢'7Vv'72#¢°¢&÷F–öæÂ#¢G'VP¢ÒÀ¢'FW'6W"#¢°¢&÷F–öæÂ#¢G'VP¢ÒÀ¢'G7‚#¢°¢&÷F–öæÂ#¢G'VP¢ÒÀ¢'–ÖÂ#¢°¢&÷F–öæÂ#¢G'VP¢Ð¢Ð¢Ð¢Ð§Ð